
Microsoft Visual Studio Solution File, Format Version 12.00
# Visual Studio Version 16
VisualStudioVersion = 16.0.31005.135
MinimumVisualStudioVersion = 10.0.40219.1
Project("{FAE04EC0-301F-11D3-BF4B-00C04F79EFBC}") = "WindowsFormsApp1", "WindowsFormsApp1\WindowsFormsApp1.csproj", "{FD0F2EDE-31B7-43A6-B8BF-0967A42138B2}"
EndProject
Global
	GlobalSection(SolutionConfigurationPlatforms) = preSolution
		Debug|Any CPU = Debug|Any CPU
		Release|Any CPU = Release|Any CPU
	EndGlobalSection
	GlobalSection(ProjectConfigurationPlatforms) = postSolution
		{FD0F2EDE-31B7-43A6-B8BF-0967A42138B2}.Debug|Any CPU.ActiveCfg = Debug|Any CPU
		{FD0F2EDE-31B7-43A6-B8BF-0967A42138B2}.Debug|Any CPU.Build.0 = Debug|Any CPU
		{FD0F2EDE-31B7-43A6-B8BF-0967A42138B2}.Release|Any CPU.ActiveCfg = Release|Any CPU
		{FD0F2EDE-31B7-43A6-B8BF-0967A42138B2}.Release|Any CPU.Build.0 = Release|Any CPU
	EndGlobalSection
	GlobalSection(SolutionProperties) = preSolution
		HideSolutionNode = FALSE
	EndGlobalSection
	GlobalSection(ExtensibilityGlobals) = postSolution
		SolutionGuid = {DEB9EE8B-6894-4B9D-9AF2-6CBC5422DA92}
	EndGlobalSection
EndGlobal
